
Microsoft Visual Studio Solution File, Format Version 12.00
# Visual Studio Version 17
VisualStudioVersion = 17.13.35818.85
MinimumVisualStudioVersion = 10.0.40219.1
Project("{FAE04EC0-301F-11D3-BF4B-00C04F79EFBC}") = "ControleAceso.UI", "ControleAceso.UI\ControleAceso.UI.csproj", "{1B515690-42EF-4FCA-B6EA-48EAAA63252F}"
EndProject
Project("{FAE04EC0-301F-11D3-BF4B-00C04F79EFBC}") = "ControleAcesso.Core", "TesteClasses\ControleAcesso.Core.csproj", "{E399BA70-29EC-4C2F-8660-8F15125C2D6E}"
EndProject
Global
	GlobalSection(SolutionConfigurationPlatforms) = preSolution
		Debug|Any CPU = Debug|Any CPU
		Release|Any CPU = Release|Any CPU
	EndGlobalSection
	GlobalSection(ProjectConfigurationPlatforms) = postSolution
		{1B515690-42EF-4FCA-B6EA-48EAAA63252F}.Debug|Any CPU.ActiveCfg = Debug|Any CPU
		{1B515690-42EF-4FCA-B6EA-48EAAA63252F}.Debug|Any CPU.Build.0 = Debug|Any CPU
		{1B515690-42EF-4FCA-B6EA-48EAAA63252F}.Release|Any CPU.ActiveCfg = Release|Any CPU
		{1B515690-42EF-4FCA-B6EA-48EAAA63252F}.Release|Any CPU.Build.0 = Release|Any CPU
		{E399BA70-29EC-4C2F-8660-8F15125C2D6E}.Debug|Any CPU.ActiveCfg = Debug|Any CPU
		{E399BA70-29EC-4C2F-8660-8F15125C2D6E}.Debug|Any CPU.Build.0 = Debug|Any CPU
		{E399BA70-29EC-4C2F-8660-8F15125C2D6E}.Release|Any CPU.ActiveCfg = Release|Any CPU
		{E399BA70-29EC-4C2F-8660-8F15125C2D6E}.Release|Any CPU.Build.0 = Release|Any CPU
	EndGlobalSection
	GlobalSection(SolutionProperties) = preSolution
		HideSolutionNode = FALSE
	EndGlobalSection
	GlobalSection(ExtensibilityGlobals) = postSolution
		SolutionGuid = {FCF1E740-C941-4E6E-9ECC-672E64C71B7D}
	EndGlobalSection
EndGlobal
